{
  "name": "football-fixtures-reactjs",
  "version": "0.1.0",
  "lockfileVersion": 1,
  "requires": true,
  "dependencies": {
    "moment-timezone": {
      "version": "0.5.13",
      "resolved": "https://registry.npmjs.org/moment-timezone/-/moment-timezone-0.5.13.tgz",
      "integrity": "sha1-mc5cfYJyYusPH3AgRBd/YHRde5A=",
      "requires": {
        "moment": "2.19.1"
      },
      "dependencies": {
        "moment": {
          "version": "2.19.1",
          "resolved": "https://registry.npmjs.org/moment/-/moment-2.19.1.tgz",
          "integrity": "sha1-VtoaLRy/AdOLfhr8McELz6GSkWc="
        }
      }
    }
  }
}
